
Microsoft Visual Studio Solution File, Format Version 12.00
# Visual Studio 15
VisualStudioVersion = 15.0.28307.421
MinimumVisualStudioVersion = 10.0.40219.1
Project("{FAE04EC0-301F-11D3-BF4B-00C04F79EFBC}") = "RecommendationSystem", "RecommendationSystem\RecommendationSystem.csproj", "{BF2DD23D-6D96-4D91-9EB4-E46162E79478}"
EndProject
Global
	GlobalSection(SolutionConfigurationPlatforms) = preSolution
		Debug|Any CPU = Debug|Any CPU
		Release|Any CPU = Release|Any CPU
	EndGlobalSection
	GlobalSection(ProjectConfigurationPlatforms) = postSolution
		{BF2DD23D-6D96-4D91-9EB4-E46162E79478}.Debug|Any CPU.ActiveCfg = Debug|Any CPU
		{BF2DD23D-6D96-4D91-9EB4-E46162E79478}.Debug|Any CPU.Build.0 = Debug|Any CPU
		{BF2DD23D-6D96-4D91-9EB4-E46162E79478}.Release|Any CPU.ActiveCfg = Release|Any CPU
		{BF2DD23D-6D96-4D91-9EB4-E46162E79478}.Release|Any CPU.Build.0 = Release|Any CPU
	EndGlobalSection
	GlobalSection(SolutionProperties) = preSolution
		HideSolutionNode = FALSE
	EndGlobalSection
	GlobalSection(ExtensibilityGlobals) = postSolution
		SolutionGuid = {5754E45C-F3F1-45EE-99A5-5754A4ABCE3A}
	EndGlobalSection
EndGlobal
